# THIS IS AN AUTOGENERATED FILE. DO NOT EDIT THIS FILE DIRECTLY.
# yarn lockfile v1


react-native-create-toast@^1.0.0:
  version "1.0.0"
  resolved "https://registry.npm.taobao.org/react-native-create-toast/download/react-native-create-toast-1.0.0.tgz#d3406ee6a897ab22cd42a79711f7b78e24fed397"
  integrity sha1-00Bu5qiXqyLNQqeXEfe3jiT+05c=
